{
    "_readme": [
        "This file locks the dependencies of your project to a known state",
        "Read more about it at https://getcomposer.org/doc/01-basic-usage.md#installing-dependencies",
        "This file is @generated automatically"
    ],
    "content-hash": "bfb4668fadee3598dacce3f6e0a1734f",
    "packages": [
        {
            "name": "marc1706/fast-image-size",
            "version": "v1.1.6",
            "source": {
                "type": "git",
                "url": "https://github.com/marc1706/fast-image-size.git",
                "reference": "3a3a2b036be20f43fa06ce00dfa754df503e6684"
            },
            "dist": {
                "type": "zip",
                "url": "https://api.github.com/repos/marc1706/fast-image-size/zipball/3a3a2b036be20f43fa06ce00dfa754df503e6684",
                "reference": "3a3a2b036be20f43fa06ce00dfa754df503e6684",
                "shasum": ""
            },
            "require": {
                "ext-mbstring": "*",
                "php": ">=5.3.0"
            },
            "require-dev": {
                "phpunit/phpunit": "^4.8"
            },
            "type": "library",
            "extra": {
                "branch-alias": {
                    "dev-master": "1.1.x-dev"
                }
            },
            "autoload": {
                "psr-4": {
                    "FastImageSize\\": "lib",
                    "FastImageSize\\tests\\": "tests"
                }
            },
            "notification-url": "https://packagist.org/downloads/",
            "license": [
                "MIT"
            ],
            "authors": [
                {
                    "name": "Marc Alexander",
                    "email": "admin@m-a-styles.de",
                    "homepage": "https://www.m-a-styles.de",
                    "role": "Developer"
                }
            ],
            "description": "fast-image-size is a PHP library that does almost everything PHP's getimagesize() does but without the large overhead of downloading the complete file.",
            "homepage": "https://www.m-a-styles.de",
            "keywords": [
                "fast",
                "getimagesize",
                "image",
                "imagesize",
                "php",
                "size"
            ],
            "support": {
                "issues": "https://github.com/marc1706/fast-image-size/issues",
                "source": "https://github.com/marc1706/fast-image-size/tree/v1.1.6"
            },
            "time": "2019-12-07T08:02:07+00:00"
        },
        {
            "name": "visavi/cleanup",
            "version": "v1.5.2",
            "source": {
                "type": "git",
                "url": "https://github.com/visavi/cleanup.git",
                "reference": "fc13c6376fabe61522d4a3cfeab90e8555c1fbd2"
            },
            "dist": {
                "type": "zip",
                "url": "https://api.github.com/repos/visavi/cleanup/zipball/fc13c6376fabe61522d4a3cfeab90e8555c1fbd2",
                "reference": "fc13c6376fabe61522d4a3cfeab90e8555c1fbd2",
                "shasum": ""
            },
            "require": {
                "php": ">=5.4.0"
            },
            "bin": [
                "cleanup"
            ],
            "type": "library",
            "notification-url": "https://packagist.org/downloads/",
            "license": [
                "MIT"
            ],
            "authors": [
                {
                    "name": "Alexander Grigorev",
                    "email": "admin@visavi.net",
                    "homepage": "http://visavi.net"
                }
            ],
            "description": "Cleaning vendor directory",
            "homepage": "http://visavi.net",
            "keywords": [
                "clean",
                "composer",
                "vendor"
            ],
            "support": {
                "issues": "https://github.com/visavi/cleanup/issues",
                "source": "https://github.com/visavi/cleanup/tree/master"
            },
            "time": "2019-12-08T16:59:14+00:00"
        }
    ],
    "packages-dev": [],
    "aliases": [],
    "minimum-stability": "stable",
    "stability-flags": [],
    "prefer-stable": true,
    "prefer-lowest": false,
    "platform": {
        "php": ">=7.0",
        "ext-curl": "*",
        "ext-exif": "*",
        "ext-gd": "*",
        "ext-json": "*",
        "ext-mbstring": "*",
        "ext-zlib": "*"
    },
    "platform-dev": [],
    "platform-overrides": {
        "php": "7.0"
    },
    "plugin-api-version": "2.1.0"
}
